
Microsoft Visual Studio Solution File, Format Version 12.00
# Visual Studio Version 17
VisualStudioVersion = 17.13.35919.96
MinimumVisualStudioVersion = 10.0.40219.1
Project("{FAE04EC0-301F-11D3-BF4B-00C04F79EFBC}") = "Proposta.Api", "Proposta.Api\Proposta.Api.csproj", "{1836E916-661A-490A-A046-B46AE4EA8D33}"
EndProject
Project("{2150E333-8FDC-42A3-9474-1A3956D46DE8}") = "PROPOSTA", "PROPOSTA", "{02EA681E-C7D8-13C7-8484-4AC65E1B71E8}"
EndProject
Project("{2150E333-8FDC-42A3-9474-1A3956D46DE8}") = "CONTRATACAO", "CONTRATACAO", "{3BD769E1-2E11-46B8-806E-A9658877A6F8}"
EndProject
Project("{FAE04EC0-301F-11D3-BF4B-00C04F79EFBC}") = "Contratacao.Api", "Contratacao.Api\Contratacao.Api.csproj", "{43B90048-5F31-4A24-8ED0-B74F63AC1F0F}"
EndProject
Project("{2150E333-8FDC-42A3-9474-1A3956D46DE8}") = "DOMAIN", "DOMAIN", "{037D50A5-89FE-4E83-8F2B-A7CF6B30A8CA}"
EndProject
Project("{2150E333-8FDC-42A3-9474-1A3956D46DE8}") = "APPLICATION", "APPLICATION", "{502ABCE4-DCCB-47C4-9B70-DDF38279156A}"
EndProject
Project("{2150E333-8FDC-42A3-9474-1A3956D46DE8}") = "INFRA", "INFRA", "{379D68D2-A07D-4F26-9D65-8F8D726D7EE7}"
EndProject
Project("{2150E333-8FDC-42A3-9474-1A3956D46DE8}") = "INFRA", "INFRA", "{506189DA-0EA6-4A0E-B6B8-1E80D8599E8D}"
EndProject
Project("{2150E333-8FDC-42A3-9474-1A3956D46DE8}") = "APPLICATION", "APPLICATION", "{23927B68-1385-4247-B71F-F7083C177DFC}"
EndProject
Project("{2150E333-8FDC-42A3-9474-1A3956D46DE8}") = "DOMAIN", "DOMAIN", "{CBD6B402-7BD4-4950-8774-1CDDD224797D}"
EndProject
Project("{2150E333-8FDC-42A3-9474-1A3956D46DE8}") = "API", "API", "{4363B97B-3482-4084-ABDB-ED173121EFD4}"
EndProject
Project("{2150E333-8FDC-42A3-9474-1A3956D46DE8}") = "API", "API", "{8BC976A7-B50E-4BB2-BE61-1C1F5C592904}"
EndProject
Project("{FAE04EC0-301F-11D3-BF4B-00C04F79EFBC}") = "Proposta.Infra", "Proposta.Infra\Proposta.Infra.csproj", "{F01B48A8-2760-41E0-A6E3-43DA2318E297}"
EndProject
Project("{FAE04EC0-301F-11D3-BF4B-00C04F79EFBC}") = "Proposta.Domain", "Proposta.Domain\Proposta.Domain.csproj", "{CD90A3B1-B8E6-4542-A98B-EACF1F039050}"
EndProject
Project("{FAE04EC0-301F-11D3-BF4B-00C04F79EFBC}") = "Proposta.Application", "Proposta.Application\Proposta.Application.csproj", "{DA1F2F78-E126-45E7-B258-8E6E6A204589}"
EndProject
Project("{FAE04EC0-301F-11D3-BF4B-00C04F79EFBC}") = "Contratacao.Infra", "Contratacao.Infra\Contratacao.Infra.csproj", "{DB45DEFB-F527-4DB2-9A23-0424AF2B3F19}"
EndProject
Project("{FAE04EC0-301F-11D3-BF4B-00C04F79EFBC}") = "Contratacao.Domain", "Contratacao.Domain\Contratacao.Domain.csproj", "{9E1E48D7-EB30-41C1-A408-2086F2685C2B}"
EndProject
Project("{FAE04EC0-301F-11D3-BF4B-00C04F79EFBC}") = "Contratacao.Application", "Contratacao.Application\Contratacao.Application.csproj", "{94920D02-C952-4165-B46F-16BDB10970D0}"
EndProject
Project("{2150E333-8FDC-42A3-9474-1A3956D46DE8}") = "DATABASE", "DATABASE", "{3AD67FEE-6EAE-4724-938A-61FE7D3D2EE0}"
EndProject
Project("{2150E333-8FDC-42A3-9474-1A3956D46DE8}") = "API", "API", "{52C59BB0-B211-4E9D-8A1F-7FE9416BBBC6}"
EndProject
Project("{FAE04EC0-301F-11D3-BF4B-00C04F79EFBC}") = "DataBase.Api", "DataBase.Api\DataBase.Api.csproj", "{D9DF0636-9059-48C2-856D-0A0892AA1374}"
EndProject
Project("{2150E333-8FDC-42A3-9474-1A3956D46DE8}") = "API", "API", "{EDCBD80D-C747-4527-9F7A-F2173916D81E}"
EndProject
Global
	GlobalSection(SolutionConfigurationPlatforms) = preSolution
		Debug|Any CPU = Debug|Any CPU
		Release|Any CPU = Release|Any CPU
	EndGlobalSection
	GlobalSection(ProjectConfigurationPlatforms) = postSolution
		{1836E916-661A-490A-A046-B46AE4EA8D33}.Debug|Any CPU.ActiveCfg = Debug|Any CPU
		{1836E916-661A-490A-A046-B46AE4EA8D33}.Debug|Any CPU.Build.0 = Debug|Any CPU
		{1836E916-661A-490A-A046-B46AE4EA8D33}.Release|Any CPU.ActiveCfg = Release|Any CPU
		{1836E916-661A-490A-A046-B46AE4EA8D33}.Release|Any CPU.Build.0 = Release|Any CPU
		{43B90048-5F31-4A24-8ED0-B74F63AC1F0F}.Debug|Any CPU.ActiveCfg = Debug|Any CPU
		{43B90048-5F31-4A24-8ED0-B74F63AC1F0F}.Debug|Any CPU.Build.0 = Debug|Any CPU
		{43B90048-5F31-4A24-8ED0-B74F63AC1F0F}.Release|Any CPU.ActiveCfg = Release|Any CPU
		{43B90048-5F31-4A24-8ED0-B74F63AC1F0F}.Release|Any CPU.Build.0 = Release|Any CPU
		{F01B48A8-2760-41E0-A6E3-43DA2318E297}.Debug|Any CPU.ActiveCfg = Debug|Any CPU
		{F01B48A8-2760-41E0-A6E3-43DA2318E297}.Debug|Any CPU.Build.0 = Debug|Any CPU
		{F01B48A8-2760-41E0-A6E3-43DA2318E297}.Release|Any CPU.ActiveCfg = Release|Any CPU
		{F01B48A8-2760-41E0-A6E3-43DA2318E297}.Release|Any CPU.Build.0 = Release|Any CPU
		{CD90A3B1-B8E6-4542-A98B-EACF1F039050}.Debug|Any CPU.ActiveCfg = Debug|Any CPU
		{CD90A3B1-B8E6-4542-A98B-EACF1F039050}.Debug|Any CPU.Build.0 = Debug|Any CPU
		{CD90A3B1-B8E6-4542-A98B-EACF1F039050}.Release|Any CPU.ActiveCfg = Release|Any CPU
		{CD90A3B1-B8E6-4542-A98B-EACF1F039050}.Release|Any CPU.Build.0 = Release|Any CPU
		{DA1F2F78-E126-45E7-B258-8E6E6A204589}.Debug|Any CPU.ActiveCfg = Debug|Any CPU
		{DA1F2F78-E126-45E7-B258-8E6E6A204589}.Debug|Any CPU.Build.0 = Debug|Any CPU
		{DA1F2F78-E126-45E7-B258-8E6E6A204589}.Release|Any CPU.ActiveCfg = Release|Any CPU
		{DA1F2F78-E126-45E7-B258-8E6E6A204589}.Release|Any CPU.Build.0 = Release|Any CPU
		{DB45DEFB-F527-4DB2-9A23-0424AF2B3F19}.Debug|Any CPU.ActiveCfg = Debug|Any CPU
		{DB45DEFB-F527-4DB2-9A23-0424AF2B3F19}.Debug|Any CPU.Build.0 = Debug|Any CPU
		{DB45DEFB-F527-4DB2-9A23-0424AF2B3F19}.Release|Any CPU.ActiveCfg = Release|Any CPU
		{DB45DEFB-F527-4DB2-9A23-0424AF2B3F19}.Release|Any CPU.Build.0 = Release|Any CPU
		{9E1E48D7-EB30-41C1-A408-2086F2685C2B}.Debug|Any CPU.ActiveCfg = Debug|Any CPU
		{9E1E48D7-EB30-41C1-A408-2086F2685C2B}.Debug|Any CPU.Build.0 = Debug|Any CPU
		{9E1E48D7-EB30-41C1-A408-2086F2685C2B}.Release|Any CPU.ActiveCfg = Release|Any CPU
		{9E1E48D7-EB30-41C1-A408-2086F2685C2B}.Release|Any CPU.Build.0 = Release|Any CPU
		{94920D02-C952-4165-B46F-16BDB10970D0}.Debug|Any CPU.ActiveCfg = Debug|Any CPU
		{94920D02-C952-4165-B46F-16BDB10970D0}.Debug|Any CPU.Build.0 = Debug|Any CPU
		{94920D02-C952-4165-B46F-16BDB10970D0}.Release|Any CPU.ActiveCfg = Release|Any CPU
		{94920D02-C952-4165-B46F-16BDB10970D0}.Release|Any CPU.Build.0 = Release|Any CPU
		{D9DF0636-9059-48C2-856D-0A0892AA1374}.Debug|Any CPU.ActiveCfg = Debug|Any CPU
		{D9DF0636-9059-48C2-856D-0A0892AA1374}.Debug|Any CPU.Build.0 = Debug|Any CPU
		{D9DF0636-9059-48C2-856D-0A0892AA1374}.Release|Any CPU.ActiveCfg = Release|Any CPU
		{D9DF0636-9059-48C2-856D-0A0892AA1374}.Release|Any CPU.Build.0 = Release|Any CPU
	EndGlobalSection
	GlobalSection(SolutionProperties) = preSolution
		HideSolutionNode = FALSE
	EndGlobalSection
	GlobalSection(NestedProjects) = preSolution
		{1836E916-661A-490A-A046-B46AE4EA8D33} = {4363B97B-3482-4084-ABDB-ED173121EFD4}
		{43B90048-5F31-4A24-8ED0-B74F63AC1F0F} = {8BC976A7-B50E-4BB2-BE61-1C1F5C592904}
		{037D50A5-89FE-4E83-8F2B-A7CF6B30A8CA} = {3BD769E1-2E11-46B8-806E-A9658877A6F8}
		{502ABCE4-DCCB-47C4-9B70-DDF38279156A} = {3BD769E1-2E11-46B8-806E-A9658877A6F8}
		{379D68D2-A07D-4F26-9D65-8F8D726D7EE7} = {3BD769E1-2E11-46B8-806E-A9658877A6F8}
		{506189DA-0EA6-4A0E-B6B8-1E80D8599E8D} = {02EA681E-C7D8-13C7-8484-4AC65E1B71E8}
		{23927B68-1385-4247-B71F-F7083C177DFC} = {02EA681E-C7D8-13C7-8484-4AC65E1B71E8}
		{CBD6B402-7BD4-4950-8774-1CDDD224797D} = {02EA681E-C7D8-13C7-8484-4AC65E1B71E8}
		{4363B97B-3482-4084-ABDB-ED173121EFD4} = {02EA681E-C7D8-13C7-8484-4AC65E1B71E8}
		{8BC976A7-B50E-4BB2-BE61-1C1F5C592904} = {3BD769E1-2E11-46B8-806E-A9658877A6F8}
		{F01B48A8-2760-41E0-A6E3-43DA2318E297} = {506189DA-0EA6-4A0E-B6B8-1E80D8599E8D}
		{CD90A3B1-B8E6-4542-A98B-EACF1F039050} = {CBD6B402-7BD4-4950-8774-1CDDD224797D}
		{DA1F2F78-E126-45E7-B258-8E6E6A204589} = {23927B68-1385-4247-B71F-F7083C177DFC}
		{DB45DEFB-F527-4DB2-9A23-0424AF2B3F19} = {379D68D2-A07D-4F26-9D65-8F8D726D7EE7}
		{9E1E48D7-EB30-41C1-A408-2086F2685C2B} = {037D50A5-89FE-4E83-8F2B-A7CF6B30A8CA}
		{94920D02-C952-4165-B46F-16BDB10970D0} = {502ABCE4-DCCB-47C4-9B70-DDF38279156A}
		{52C59BB0-B211-4E9D-8A1F-7FE9416BBBC6} = {3AD67FEE-6EAE-4724-938A-61FE7D3D2EE0}
		{D9DF0636-9059-48C2-856D-0A0892AA1374} = {EDCBD80D-C747-4527-9F7A-F2173916D81E}
		{EDCBD80D-C747-4527-9F7A-F2173916D81E} = {52C59BB0-B211-4E9D-8A1F-7FE9416BBBC6}
	EndGlobalSection
	GlobalSection(ExtensibilityGlobals) = postSolution
		SolutionGuid = {CC6B7BE4-A166-4968-83F1-D683C68BDDC7}
	EndGlobalSection
EndGlobal
